{
  "object": {
    "pins": [
      {
        "package": "MockMealAdapters",
        "repositoryURL": "https://github.com/Italbytz/spm-adapters-meal-mock.git",
        "state": {
          "branch": null,
          "revision": "f6c04950d55002f7031b168d6cfef9a916189868",
          "version": "0.0.3"
        }
      },
      {
        "package": "CommonPorts",
        "repositoryURL": "https://github.com/Italbytz/spm-ports-common.git",
        "state": {
          "branch": null,
          "revision": "1c4bfa422ce83b9bcba9de2ceb1ad7ecaf85ca22",
          "version": "0.0.5"
        }
      },
      {
        "package": "MealPorts",
        "repositoryURL": "https://github.com/Italbytz/spm-ports-meal.git",
        "state": {
          "branch": null,
          "revision": "6d5e384946687c9430de7e069fbc6a49d38deafb",
          "version": "0.0.6"
        }
      },
      {
        "package": "URLImage",
        "repositoryURL": "https://github.com/dmytro-anokhin/url-image",
        "state": {
          "branch": null,
          "revision": "4042f955f1fdff00ced85545e1eecdbf969b5cd0",
          "version": "3.1.1"
        }
      }
    ]
  },
  "version": 1
}
